
Microsoft Visual Studio Solution File, Format Version 12.00
# Visual Studio 15
VisualStudioVersion = 15.0.27428.2011
MinimumVisualStudioVersion = 10.0.40219.1
Project("{FAE04EC0-301F-11D3-BF4B-00C04F79EFBC}") = "Ama.CodeChallenge.Store", "Ama.CodeChallenge.Store\Ama.CodeChallenge.Store.csproj", "{2166FDD8-CF62-4511-9D24-1210C9B0C7F2}"
EndProject
Project("{FAE04EC0-301F-11D3-BF4B-00C04F79EFBC}") = "Tests.Ama.CodeChallenge.Store", "Tests.Ama.CodeChallenge.Store\Tests.Ama.CodeChallenge.Store.csproj", "{8B2D3AF9-9C61-4696-B147-C9452DA66493}"
EndProject
Global
	GlobalSection(SolutionConfigurationPlatforms) = preSolution
		Debug|Any CPU = Debug|Any CPU
		Release|Any CPU = Release|Any CPU
	EndGlobalSection
	GlobalSection(ProjectConfigurationPlatforms) = postSolution
		{2166FDD8-CF62-4511-9D24-1210C9B0C7F2}.Debug|Any CPU.ActiveCfg = Debug|Any CPU
		{2166FDD8-CF62-4511-9D24-1210C9B0C7F2}.Debug|Any CPU.Build.0 = Debug|Any CPU
		{2166FDD8-CF62-4511-9D24-1210C9B0C7F2}.Release|Any CPU.ActiveCfg = Release|Any CPU
		{2166FDD8-CF62-4511-9D24-1210C9B0C7F2}.Release|Any CPU.Build.0 = Release|Any CPU
		{8B2D3AF9-9C61-4696-B147-C9452DA66493}.Debug|Any CPU.ActiveCfg = Debug|Any CPU
		{8B2D3AF9-9C61-4696-B147-C9452DA66493}.Debug|Any CPU.Build.0 = Debug|Any CPU
		{8B2D3AF9-9C61-4696-B147-C9452DA66493}.Release|Any CPU.ActiveCfg = Release|Any CPU
		{8B2D3AF9-9C61-4696-B147-C9452DA66493}.Release|Any CPU.Build.0 = Release|Any CPU
	EndGlobalSection
	GlobalSection(SolutionProperties) = preSolution
		HideSolutionNode = FALSE
	EndGlobalSection
	GlobalSection(ExtensibilityGlobals) = postSolution
		SolutionGuid = {871BF74C-E5B5-49B3-9DA5-C8DAA26B5C7E}
	EndGlobalSection
EndGlobal
